// !$*UTF8*$!
{
	archiveVersion = 1;
	classes = {
	};
	objectVersion = 55;
	objects = {

/* Begin PBXBuildFile section */
		CF0AFB4A289415B1006CE802 /* AppDelegate.swift in Sources */ = {isa = PBXBuildFile; fileRef = CF0AFB49289415B1006CE802 /* AppDelegate.swift */; };
		CF0AFB4C289415B1006CE802 /* SceneDelegate.swift in Sources */ = {isa = PBXBuildFile; fileRef = CF0AFB4B289415B1006CE802 /* SceneDelegate.swift */; };
		CF0AFB4E289415B1006CE802 /* ListPostsViewController.swift in Sources */ = {isa = PBXBuildFile; fileRef = CF0AFB4D289415B1006CE802 /* ListPostsViewController.swift */; };
		CF0AFB51289415B1006CE802 /* Main.storyboard in Resources */ = {isa = PBXBuildFile; fileRef = CF0AFB4F289415B1006CE802 /* Main.storyboard */; };
		CF0AFB53289415B2006CE802 /* Assets.xcassets in Resources */ = {isa = PBXBuildFile; fileRef = CF0AFB52289415B2006CE802 /* Assets.xcassets */; };
		CF0AFB56289415B2006CE802 /* LaunchScreen.storyboard in Resources */ = {isa = PBXBuildFile; fileRef = CF0AFB54289415B2006CE802 /* LaunchScreen.storyboard */; };
		CF0AFB6428942175006CE802 /* PostModel.swift in Sources */ = {isa = PBXBuildFile; fileRef = CF0AFB6328942175006CE802 /* PostModel.swift */; };
		CF0AFB672894222F006CE802 /* PostsNetworkProvider.swift in Sources */ = {isa = PBXBuildFile; fileRef = CF0AFB662894222F006CE802 /* PostsNetworkProvider.swift */; };
		CF0AFB6A289422AB006CE802 /* NetworkResult.swift in Sources */ = {isa = PBXBuildFile; fileRef = CF0AFB69289422AB006CE802 /* NetworkResult.swift */; };
		CF0AFB6C28942550006CE802 /* ListPostsViewModel.swift in Sources */ = {isa = PBXBuildFile; fileRef = CF0AFB6B28942550006CE802 /* ListPostsViewModel.swift */; };
		CF0AFB7028944FF7006CE802 /* UserModel.swift in Sources */ = {isa = PBXBuildFile; fileRef = CF0AFB6F28944FF7006CE802 /* UserModel.swift */; };
		CF0AFB72289450E7006CE802 /* Constants.swift in Sources */ = {isa = PBXBuildFile; fileRef = CF0AFB71289450E6006CE802 /* Constants.swift */; };
		CF0AFB7728945FF8006CE802 /* PostTableViewCell.swift in Sources */ = {isa = PBXBuildFile; fileRef = CF0AFB7528945FF8006CE802 /* PostTableViewCell.swift */; };
		CF0AFB7828945FF8006CE802 /* PostTableViewCell.xib in Resources */ = {isa = PBXBuildFile; fileRef = CF0AFB7628945FF8006CE802 /* PostTableViewCell.xib */; };
		CF0AFB7A28946307006CE802 /* UITableView+Ext.swift in Sources */ = {isa = PBXBuildFile; fileRef = CF0AFB7928946307006CE802 /* UITableView+Ext.swift */; };
		CF572FF12894F4F400831F91 /* DetailPostViewController.swift in Sources */ = {isa = PBXBuildFile; fileRef = CF572FF02894F4F400831F91 /* DetailPostViewController.swift */; };
		CF572FF328952F6500831F91 /* CommentModel.swift in Sources */ = {isa = PBXBuildFile; fileRef = CF572FF228952F6500831F91 /* CommentModel.swift */; };
		CF572FF528952FA600831F91 /* DetailPostNetworkProvider.swift in Sources */ = {isa = PBXBuildFile; fileRef = CF572FF428952FA600831F91 /* DetailPostNetworkProvider.swift */; };
		CF572FF72895312300831F91 /* DetailPostViewModel.swift in Sources */ = {isa = PBXBuildFile; fileRef = CF572FF62895312300831F91 /* DetailPostViewModel.swift */; };
/* End PBXBuildFile section */

/* Begin PBXFileReference section */
		CF0AFB46289415B1006CE802 /* Posts.app */ = {isa = PBXFileReference; explicitFileType = wrapper.application; includeInIndex = 0; path = Posts.app; sourceTree = BUILT_PRODUCTS_DIR; };
		CF0AFB49289415B1006CE802 /* AppDelegate.swift */ = {isa = PBXFileReference; lastKnownFileType = sourcecode.swift; path = AppDelegate.swift; sourceTree = "<group>"; };
		CF0AFB4B289415B1006CE802 /* SceneDelegate.swift */ = {isa = PBXFileReference; lastKnownFileType = sourcecode.swift; path = SceneDelegate.swift; sourceTree = "<group>"; };
		CF0AFB4D289415B1006CE802 /* ListPostsViewController.swift */ = {isa = PBXFileReference; lastKnownFileType = sourcecode.swift; path = ListPostsViewController.swift; sourceTree = "<group>"; };
		CF0AFB50289415B1006CE802 /* Base */ = {isa = PBXFileReference; lastKnownFileType = file.storyboard; name = Base; path = Base.lproj/Main.storyboard; sourceTree = "<group>"; };
		CF0AFB52289415B2006CE802 /* Assets.xcassets */ = {isa = PBXFileReference; lastKnownFileType = folder.assetcatalog; path = Assets.xcassets; sourceTree = "<group>"; };
		CF0AFB55289415B2006CE802 /* Base */ = {isa = PBXFileReference; lastKnownFileType = file.storyboard; name = Base; path = Base.lproj/LaunchScreen.storyboard; sourceTree = "<group>"; };
		CF0AFB57289415B2006CE802 /* Info.plist */ = {isa = PBXFileReference; lastKnownFileType = text.plist.xml; path = Info.plist; sourceTree = "<group>"; };
		CF0AFB6328942175006CE802 /* PostModel.swift */ = {isa = PBXFileReference; lastKnownFileType = sourcecode.swift; path = PostModel.swift; sourceTree = "<group>"; };
		CF0AFB662894222F006CE802 /* PostsNetworkProvider.swift */ = {isa = PBXFileReference; lastKnownFileType = sourcecode.swift; path = PostsNetworkProvider.swift; sourceTree = "<group>"; };
		CF0AFB69289422AB006CE802 /* NetworkResult.swift */ = {isa = PBXFileReference; lastKnownFileType = sourcecode.swift; path = NetworkResult.swift; sourceTree = "<group>"; };
		CF0AFB6B28942550006CE802 /* ListPostsViewModel.swift */ = {isa = PBXFileReference; lastKnownFileType = sourcecode.swift; path = ListPostsViewModel.swift; sourceTree = "<group>"; };
		CF0AFB6F28944FF7006CE802 /* UserModel.swift */ = {isa = PBXFileReference; lastKnownFileType = sourcecode.swift; path = UserModel.swift; sourceTree = "<group>"; };
		CF0AFB71289450E6006CE802 /* Constants.swift */ = {isa = PBXFileReference; lastKnownFileType = sourcecode.swift; path = Constants.swift; sourceTree = "<group>"; };
		CF0AFB7528945FF8006CE802 /* PostTableViewCell.swift */ = {isa = PBXFileReference; lastKnownFileType = sourcecode.swift; path = PostTableViewCell.swift; sourceTree = "<group>"; };
		CF0AFB7628945FF8006CE802 /* PostTableViewCell.xib */ = {isa = PBXFileReference; lastKnownFileType = file.xib; path = PostTableViewCell.xib; sourceTree = "<group>"; };
		CF0AFB7928946307006CE802 /* UITableView+Ext.swift */ = {isa = PBXFileReference; lastKnownFileType = sourcecode.swift; path = "UITableView+Ext.swift"; sourceTree = "<group>"; };
		CF572FF02894F4F400831F91 /* DetailPostViewController.swift */ = {isa = PBXFileReference; lastKnownFileType = sourcecode.swift; path = DetailPostViewController.swift; sourceTree = "<group>"; };
		CF572FF228952F6500831F91 /* CommentModel.swift */ = {isa = PBXFileReference; lastKnownFileType = sourcecode.swift; path = CommentModel.swift; sourceTree = "<group>"; };
		CF572FF428952FA600831F91 /* DetailPostNetworkProvider.swift */ = {isa = PBXFileReference; lastKnownFileType = sourcecode.swift; path = DetailPostNetworkProvider.swift; sourceTree = "<group>"; };
		CF572FF62895312300831F91 /* DetailPostViewModel.swift */ = {isa = PBXFileReference; lastKnownFileType = sourcecode.swift; path = DetailPostViewModel.swift; sourceTree = "<group>"; };
/* End PBXFileReference section */

/* Begin PBXFrameworksBuildPhase section */
		CF0AFB43289415B1006CE802 /* Frameworks */ = {
			isa = PBXFrameworksBuildPhase;
			buildActionMask = 2147483647;
			files = (
			);
			runOnlyForDeploymentPostprocessing = 0;
		};
/* End PBXFrameworksBuildPhase section */

/* Begin PBXGroup section */
		CF0AFB3D289415B1006CE802 = {
			isa = PBXGroup;
			children = (
				CF0AFB48289415B1006CE802 /* Posts */,
				CF0AFB47289415B1006CE802 /* Products */,
			);
			sourceTree = "<group>";
		};
		CF0AFB47289415B1006CE802 /* Products */ = {
			isa = PBXGroup;
			children = (
				CF0AFB46289415B1006CE802 /* Posts.app */,
			);
			name = Products;
			sourceTree = "<group>";
		};
		CF0AFB48289415B1006CE802 /* Posts */ = {
			isa = PBXGroup;
			children = (
				CF0AFB5F2894167C006CE802 /* Shared */,
				CF0AFB5E28941672006CE802 /* Data */,
				CF0AFB5D2894163C006CE802 /* Views */,
				CF0AFB49289415B1006CE802 /* AppDelegate.swift */,
				CF0AFB4B289415B1006CE802 /* SceneDelegate.swift */,
				CF0AFB4F289415B1006CE802 /* Main.storyboard */,
				CF0AFB52289415B2006CE802 /* Assets.xcassets */,
				CF0AFB54289415B2006CE802 /* LaunchScreen.storyboard */,
				CF0AFB57289415B2006CE802 /* Info.plist */,
			);
			path = Posts;
			sourceTree = "<group>";
		};
		CF0AFB5D2894163C006CE802 /* Views */ = {
			isa = PBXGroup;
			children = (
				CF0AFB60289416AF006CE802 /* List Posts */,
				CF572FEF2894F4A200831F91 /* Detail Post */,
			);
			path = Views;
			sourceTree = "<group>";
		};
		CF0AFB5E28941672006CE802 /* Data */ = {
			isa = PBXGroup;
			children = (
				CF0AFB612894212B006CE802 /* Remote */,
			);
			path = Data;
			sourceTree = "<group>";
		};
		CF0AFB5F2894167C006CE802 /* Shared */ = {
			isa = PBXGroup;
			children = (
				CF0AFB682894229A006CE802 /* Helper */,
			);
			path = Shared;
			sourceTree = "<group>";
		};
		CF0AFB60289416AF006CE802 /* List Posts */ = {
			isa = PBXGroup;
			children = (
				CF0AFB4D289415B1006CE802 /* ListPostsViewController.swift */,
				CF0AFB6B28942550006CE802 /* ListPostsViewModel.swift */,
				CF0AFB7528945FF8006CE802 /* PostTableViewCell.swift */,
				CF0AFB7628945FF8006CE802 /* PostTableViewCell.xib */,
			);
			path = "List Posts";
			sourceTree = "<group>";
		};
		CF0AFB612894212B006CE802 /* Remote */ = {
			isa = PBXGroup;
			children = (
				CF0AFB622894212F006CE802 /* Model */,
				CF0AFB662894222F006CE802 /* PostsNetworkProvider.swift */,
				CF572FF428952FA600831F91 /* DetailPostNetworkProvider.swift */,
			);
			path = Remote;
			sourceTree = "<group>";
		};
		CF0AFB622894212F006CE802 /* Model */ = {
			isa = PBXGroup;
			children = (
				CF0AFB6328942175006CE802 /* PostModel.swift */,
				CF0AFB6F28944FF7006CE802 /* UserModel.swift */,
				CF572FF228952F6500831F91 /* CommentModel.swift */,
			);
			path = Model;
			sourceTree = "<group>";
		};
		CF0AFB682894229A006CE802 /* Helper */ = {
			isa = PBXGroup;
			children = (
				CF0AFB69289422AB006CE802 /* NetworkResult.swift */,
				CF0AFB71289450E6006CE802 /* Constants.swift */,
				CF0AFB7928946307006CE802 /* UITableView+Ext.swift */,
			);
			path = Helper;
			sourceTree = "<group>";
		};
		CF572FEF2894F4A200831F91 /* Detail Post */ = {
			isa = PBXGroup;
			children = (
				CF572FF02894F4F400831F91 /* DetailPostViewController.swift */,
				CF572FF62895312300831F91 /* DetailPostViewModel.swift */,
			);
			path = "Detail Post";
			sourceTree = "<group>";
		};
/* End PBXGroup section */

/* Begin PBXNativeTarget section */
		CF0AFB45289415B1006CE802 /* Posts */ = {
			isa = PBXNativeTarget;
			buildConfigurationList = CF0AFB5A289415B2006CE802 /* Build configuration list for PBXNativeTarget "Posts" */;
			buildPhases = (
				CF0AFB42289415B1006CE802 /* Sources */,
				CF0AFB43289415B1006CE802 /* Frameworks */,
				CF0AFB44289415B1006CE802 /* Resources */,
			);
			buildRules = (
			);
			dependencies = (
			);
			name = Posts;
			productName = Posts;
			productReference = CF0AFB46289415B1006CE802 /* Posts.app */;
			productType = "com.apple.product-type.application";
		};
/* End PBXNativeTarget section */

/* Begin PBXProject section */
		CF0AFB3E289415B1006CE802 /* Project object */ = {
			isa = PBXProject;
			attributes = {
				BuildIndependentTargetsInParallel = 1;
				LastSwiftUpdateCheck = 1340;
				LastUpgradeCheck = 1340;
				TargetAttributes = {
					CF0AFB45289415B1006CE802 = {
						CreatedOnToolsVersion = 13.4.1;
					};
				};
			};
			buildConfigurationList = CF0AFB41289415B1006CE802 /* Build configuration list for PBXProject "Posts" */;
			compatibilityVersion = "Xcode 13.0";
			developmentRegion = en;
			hasScannedForEncodings = 0;
			knownRegions = (
				en,
				Base,
			);
			mainGroup = CF0AFB3D289415B1006CE802;
			productRefGroup = CF0AFB47289415B1006CE802 /* Products */;
			projectDirPath = "";
			projectRoot = "";
			targets = (
				CF0AFB45289415B1006CE802 /* Posts */,
			);
		};
/* End PBXProject section */

/* Begin PBXResourcesBuildPhase section */
		CF0AFB44289415B1006CE802 /* Resources */ = {
			isa = PBXResourcesBuildPhase;
			buildActionMask = 2147483647;
			files = (
				CF0AFB56289415B2006CE802 /* LaunchScreen.storyboard in Resources */,
				CF0AFB53289415B2006CE802 /* Assets.xcassets in Resources */,
				CF0AFB51289415B1006CE802 /* Main.storyboard in Resources */,
				CF0AFB7828945FF8006CE802 /* PostTableViewCell.xib in Resources */,
			);
			runOnlyForDeploymentPostprocessing = 0;
		};
/* End PBXResourcesBuildPhase section */

/* Begin PBXSourcesBuildPhase section */
		CF0AFB42289415B1006CE802 /* Sources */ = {
			isa = PBXSourcesBuildPhase;
			buildActionMask = 2147483647;
			files = (
				CF0AFB4E289415B1006CE802 /* ListPostsViewController.swift in Sources */,
				CF0AFB6C28942550006CE802 /* ListPostsViewModel.swift in Sources */,
				CF572FF528952FA600831F91 /* DetailPostNetworkProvider.swift in Sources */,
				CF0AFB672894222F006CE802 /* PostsNetworkProvider.swift in Sources */,
				CF572FF72895312300831F91 /* DetailPostViewModel.swift in Sources */,
				CF0AFB6428942175006CE802 /* PostModel.swift in Sources */,
				CF0AFB7A28946307006CE802 /* UITableView+Ext.swift in Sources */,
				CF572FF328952F6500831F91 /* CommentModel.swift in Sources */,
				CF572FF12894F4F400831F91 /* DetailPostViewController.swift in Sources */,
				CF0AFB72289450E7006CE802 /* Constants.swift in Sources */,
				CF0AFB6A289422AB006CE802 /* NetworkResult.swift in Sources */,
				CF0AFB4A289415B1006CE802 /* AppDelegate.swift in Sources */,
				CF0AFB7028944FF7006CE802 /* UserModel.swift in Sources */,
				CF0AFB4C289415B1006CE802 /* SceneDelegate.swift in Sources */,
				CF0AFB7728945FF8006CE802 /* PostTableViewCell.swift in Sources */,
			);
			runOnlyForDeploymentPostprocessing = 0;
		};
/* End PBXSourcesBuildPhase section */

/* Begin PBXVariantGroup section */
		CF0AFB4F289415B1006CE802 /* Main.storyboard */ = {
			isa = PBXVariantGroup;
			children = (
				CF0AFB50289415B1006CE802 /* Base */,
			);
			name = Main.storyboard;
			sourceTree = "<group>";
		};
		CF0AFB54289415B2006CE802 /* LaunchScreen.storyboard */ = {
			isa = PBXVariantGroup;
			children = (
				CF0AFB55289415B2006CE802 /* Base */,
			);
			name = LaunchScreen.storyboard;
			sourceTree = "<group>";
		};
/* End PBXVariantGroup section */

/* Begin XCBuildConfiguration section */
		CF0AFB58289415B2006CE802 /* Debug */ = {
			isa = XCBuildConfiguration;
			buildSettings = {
				ALWAYS_SEARCH_USER_PATHS = NO;
				CLANG_ANALYZER_NONNULL = YES;
				CLANG_ANALYZER_NUMBER_OBJECT_CONVERSION = YES_AGGRESSIVE;
				CLANG_CXX_LANGUAGE_STANDARD = "gnu++17";
				CLANG_ENABLE_MODULES = YES;
				CLANG_ENABLE_OBJC_ARC = YES;
				CLANG_ENABLE_OBJC_WEAK = YES;
				CLANG_WARN_BLOCK_CAPTURE_AUTORELEASING = YES;
				CLANG_WARN_BOOL_CONVERSION = YES;
				CLANG_WARN_COMMA = YES;
				CLANG_WARN_CONSTANT_CONVERSION = YES;
				CLANG_WARN_DEPRECATED_OBJC_IMPLEMENTATIONS = YES;
				CLANG_WARN_DIRECT_OBJC_ISA_USAGE = YES_ERROR;
				CLANG_WARN_DOCUMENTATION_COMMENTS = YES;
				CLANG_WARN_EMPTY_BODY = YES;
				CLANG_WARN_ENUM_CONVERSION = YES;
				CLANG_WARN_INFINITE_RECURSION = YES;
				CLANG_WARN_INT_CONVERSION = YES;
				CLANG_WARN_NON_LITERAL_NULL_CONVERSION = YES;
				CLANG_WARN_OBJC_IMPLICIT_RETAIN_SELF = YES;
				CLANG_WARN_OBJC_LITERAL_CONVERSION = YES;
				CLANG_WARN_OBJC_ROOT_CLASS = YES_ERROR;
				CLANG_WARN_QUOTED_INCLUDE_IN_FRAMEWORK_HEADER = YES;
				CLANG_WARN_RANGE_LOOP_ANALYSIS = YES;
				CLANG_WARN_STRICT_PROTOTYPES = YES;
				CLANG_WARN_SUSPICIOUS_MOVE = YES;
				CLANG_WARN_UNGUARDED_AVAILABILITY = YES_AGGRESSIVE;
				CLANG_WARN_UNREACHABLE_CODE = YES;
				CLANG_WARN__DUPLICATE_METHOD_MATCH = YES;
				COPY_PHASE_STRIP = NO;
				DEBUG_INFORMATION_FORMAT = dwarf;
				ENABLE_STRICT_OBJC_MSGSEND = YES;
				ENABLE_TESTABILITY = YES;
				GCC_C_LANGUAGE_STANDARD = gnu11;
				GCC_DYNAMIC_NO_PIC = NO;
				GCC_NO_COMMON_BLOCKS = YES;
				GCC_OPTIMIZATION_LEVEL = 0;
				GCC_PREPROCESSOR_DEFINITIONS = (
					"DEBUG=1",
					"$(inherited)",
				);
				GCC_WARN_64_TO_32_BIT_CONVERSION = YES;
				GCC_WARN_ABOUT_RETURN_TYPE = YES_ERROR;
				GCC_WARN_UNDECLARED_SELECTOR = YES;
				GCC_WARN_UNINITIALIZED_AUTOS = YES_AGGRESSIVE;
				GCC_WARN_UNUSED_FUNCTION = YES;
				GCC_WARN_UNUSED_VARIABLE = YES;
				IPHONEOS_DEPLOYMENT_TARGET = 15.5;
				MTL_ENABLE_DEBUG_INFO = INCLUDE_SOURCE;
				MTL_FAST_MATH = YES;
				ONLY_ACTIVE_ARCH = YES;
				SDKROOT = iphoneos;
				SWIFT_ACTIVE_COMPILATION_CONDITIONS = DEBUG;
				SWIFT_OPTIMIZATION_LEVEL = "-Onone";
			};
			name = Debug;
		};
		CF0AFB59289415B2006CE802 /* Release */ = {
			isa = XCBuildConfiguration;
			buildSettings = {
				ALWAYS_SEARCH_USER_PATHS = NO;
				CLANG_ANALYZER_NONNULL = YES;
				CLANG_ANALYZER_NUMBER_OBJECT_CONVERSION = YES_AGGRESSIVE;
				CLANG_CXX_LANGUAGE_STANDARD = "gnu++17";
				CLANG_ENABLE_MODULES = YES;
				CLANG_ENABLE_OBJC_ARC = YES;
				CLANG_ENABLE_OBJC_WEAK = YES;
				CLANG_WARN_BLOCK_CAPTURE_AUTORELEASING = YES;
				CLANG_WARN_BOOL_CONVERSION = YES;
				CLANG_WARN_COMMA = YES;
				CLANG_WARN_CONSTANT_CONVERSION = YES;
				CLANG_WARN_DEPRECATED_OBJC_IMPLEMENTATIONS = YES;
				CLANG_WARN_DIRECT_OBJC_ISA_USAGE = YES_ERROR;
				CLANG_WARN_DOCUMENTATION_COMMENTS = YES;
				CLANG_WARN_EMPTY_BODY = YES;
				CLANG_WARN_ENUM_CONVERSION = YES;
				CLANG_WARN_INFINITE_RECURSION = YES;
				CLANG_WARN_INT_CONVERSION = YES;
				CLANG_WARN_NON_LITERAL_NULL_CONVERSION = YES;
				CLANG_WARN_OBJC_IMPLICIT_RETAIN_SELF = YES;
				CLANG_WARN_OBJC_LITERAL_CONVERSION = YES;
				CLANG_WARN_OBJC_ROOT_CLASS = YES_ERROR;
				CLANG_WARN_QUOTED_INCLUDE_IN_FRAMEWORK_HEADER = YES;
				CLANG_WARN_RANGE_LOOP_ANALYSIS = YES;
				CLANG_WARN_STRICT_PROTOTYPES = YES;
				CLANG_WARN_SUSPICIOUS_MOVE = YES;
				CLANG_WARN_UNGUARDED_AVAILABILITY = YES_AGGRESSIVE;
				CLANG_WARN_UNREACHABLE_CODE = YES;
				CLANG_WARN__DUPLICATE_METHOD_MATCH = YES;
				COPY_PHASE_STRIP = NO;
				DEBUG_INFORMATION_FORMAT = "dwarf-with-dsym";
				ENABLE_NS_ASSERTIONS = NO;
				ENABLE_STRICT_OBJC_MSGSEND = YES;
				GCC_C_LANGUAGE_STANDARD = gnu11;
				GCC_NO_COMMON_BLOCKS = YES;
				GCC_WARN_64_TO_32_BIT_CONVERSION = YES;
				GCC_WARN_ABOUT_RETURN_TYPE = YES_ERROR;
				GCC_WARN_UNDECLARED_SELECTOR = YES;
				GCC_WARN_UNINITIALIZED_AUTOS = YES_AGGRESSIVE;
				GCC_WARN_UNUSED_FUNCTION = YES;
				GCC_WARN_UNUSED_VARIABLE = YES;
				IPHONEOS_DEPLOYMENT_TARGET = 15.5;
				MTL_ENABLE_DEBUG_INFO = NO;
				MTL_FAST_MATH = YES;
				SDKROOT = iphoneos;
				SWIFT_COMPILATION_MODE = wholemodule;
				SWIFT_OPTIMIZATION_LEVEL = "-O";
				VALIDATE_PRODUCT = YES;
			};
			name = Release;
		};
		CF0AFB5B289415B2006CE802 /* Debug */ = {
			isa = XCBuildConfiguration;
			buildSettings = {
				ASSETCATALOG_COMPILER_APPICON_NAME = AppIcon;
				ASSETCATALOG_COMPILER_GLOBAL_ACCENT_COLOR_NAME = AccentColor;
				CODE_SIGN_STYLE = Automatic;
				CURRENT_PROJECT_VERSION = 1;
				DEVELOPMENT_TEAM = KRF6V32MMS;
				GENERATE_INFOPLIST_FILE = YES;
				INFOPLIST_FILE = Posts/Info.plist;
				INFOPLIST_KEY_UIApplicationSupportsIndirectInputEvents = YES;
				INFOPLIST_KEY_UILaunchStoryboardName = LaunchScreen;
				INFOPLIST_KEY_UIMainStoryboardFile = Main;
				INFOPLIST_KEY_UISupportedInterfaceOrientations_iPad = "UIInterfaceOrientationPortrait UIInterfaceOrientationPortraitUpsideDown UIInterfaceOrientationLandscapeLeft UIInterfaceOrientationLandscapeRight";
				INFOPLIST_KEY_UISupportedInterfaceOrientations_iPhone = "UIInterfaceOrientationPortrait UIInterfaceOrientationLandscapeLeft UIInterfaceOrientationLandscapeRight";
				LD_RUNPATH_SEARCH_PATHS = (
					"$(inherited)",
					"@executable_path/Frameworks",
				);
				MARKETING_VERSION = 1.0;
				PRODUCT_BUNDLE_IDENTIFIER = dev.agustiyan.Posts;
				PRODUCT_NAME = "$(TARGET_NAME)";
				SWIFT_EMIT_LOC_STRINGS = YES;
				SWIFT_VERSION = 5.0;
				TARGETED_DEVICE_FAMILY = "1,2";
			};
			name = Debug;
		};
		CF0AFB5C289415B2006CE802 /* Release */ = {
			isa = XCBuildConfiguration;
			buildSettings = {
				ASSETCATALOG_COMPILER_APPICON_NAME = AppIcon;
				ASSETCATALOG_COMPILER_GLOBAL_ACCENT_COLOR_NAME = AccentColor;
				CODE_SIGN_STYLE = Automatic;
				CURRENT_PROJECT_VERSION = 1;
				DEVELOPMENT_TEAM = KRF6V32MMS;
				GENERATE_INFOPLIST_FILE = YES;
				INFOPLIST_FILE = Posts/Info.plist;
				INFOPLIST_KEY_UIApplicationSupportsIndirectInputEvents = YES;
				INFOPLIST_KEY_UILaunchStoryboardName = LaunchScreen;
				INFOPLIST_KEY_UIMainStoryboardFile = Main;
				INFOPLIST_KEY_UISupportedInterfaceOrientations_iPad = "UIInterfaceOrientationPortrait UIInterfaceOrientationPortraitUpsideDown UIInterfaceOrientationLandscapeLeft UIInterfaceOrientationLandscapeRight";
				INFOPLIST_KEY_UISupportedInterfaceOrientations_iPhone = "UIInterfaceOrientationPortrait UIInterfaceOrientationLandscapeLeft UIInterfaceOrientationLandscapeRight";
				LD_RUNPATH_SEARCH_PATHS = (
					"$(inherited)",
					"@executable_path/Frameworks",
				);
				MARKETING_VERSION = 1.0;
				PRODUCT_BUNDLE_IDENTIFIER = dev.agustiyan.Posts;
				PRODUCT_NAME = "$(TARGET_NAME)";
				SWIFT_EMIT_LOC_STRINGS = YES;
				SWIFT_VERSION = 5.0;
				TARGETED_DEVICE_FAMILY = "1,2";
			};
			name = Release;
		};
/* End XCBuildConfiguration section */

/* Begin XCConfigurationList section */
		CF0AFB41289415B1006CE802 /* Build configuration list for PBXProject "Posts" */ = {
			isa = XCConfigurationList;
			buildConfigurations = (
				CF0AFB58289415B2006CE802 /* Debug */,
				CF0AFB59289415B2006CE802 /* Release */,
			);
			defaultConfigurationIsVisible = 0;
			defaultConfigurationName = Release;
		};
		CF0AFB5A289415B2006CE802 /* Build configuration list for PBXNativeTarget "Posts" */ = {
			isa = XCConfigurationList;
			buildConfigurations = (
				CF0AFB5B289415B2006CE802 /* Debug */,
				CF0AFB5C289415B2006CE802 /* Release */,
			);
			defaultConfigurationIsVisible = 0;
			defaultConfigurationName = Release;
		};
/* End XCConfigurationList section */
	};
	rootObject = CF0AFB3E289415B1006CE802 /* Project object */;
}
